
Microsoft Visual Studio Solution File, Format Version 12.00
# Visual Studio Version 17
VisualStudioVersion = 17.0.31912.275
MinimumVisualStudioVersion = 10.0.40219.1
Project("{FAE04EC0-301F-11D3-BF4B-00C04F79EFBC}") = "Patterns", "Patterns\Patterns.csproj", "{C396EE7F-6A7B-4C5E-8CF3-84547BD704C5}"
EndProject
Global
	GlobalSection(SolutionConfigurationPlatforms) = preSolution
		Debug|Any CPU = Debug|Any CPU
		Release|Any CPU = Release|Any CPU
	EndGlobalSection
	GlobalSection(ProjectConfigurationPlatforms) = postSolution
		{C396EE7F-6A7B-4C5E-8CF3-84547BD704C5}.Debug|Any CPU.ActiveCfg = Debug|Any CPU
		{C396EE7F-6A7B-4C5E-8CF3-84547BD704C5}.Debug|Any CPU.Build.0 = Debug|Any CPU
		{C396EE7F-6A7B-4C5E-8CF3-84547BD704C5}.Release|Any CPU.ActiveCfg = Release|Any CPU
		{C396EE7F-6A7B-4C5E-8CF3-84547BD704C5}.Release|Any CPU.Build.0 = Release|Any CPU
	EndGlobalSection
	GlobalSection(SolutionProperties) = preSolution
		HideSolutionNode = FALSE
	EndGlobalSection
	GlobalSection(ExtensibilityGlobals) = postSolution
		SolutionGuid = {79861D1E-2EF6-494D-8DEE-6A4F0D52D67E}
	EndGlobalSection
EndGlobal
